
Microsoft Visual Studio Solution File, Format Version 12.00
# Visual Studio Version 16
VisualStudioVersion = 16.0.29326.143
MinimumVisualStudioVersion = 10.0.40219.1
Project("{FAE04EC0-301F-11D3-BF4B-00C04F79EFBC}") = "Open-Lab-03.03", "Open-Lab-03.03.csproj", "{7108444D-8126-48AB-A88C-FCFFF1434F0C}"
EndProject
Global
	GlobalSection(SolutionConfigurationPlatforms) = preSolution
		Debug|Any CPU = Debug|Any CPU
		Release|Any CPU = Release|Any CPU
	EndGlobalSection
	GlobalSection(ProjectConfigurationPlatforms) = postSolution
		{7108444D-8126-48AB-A88C-FCFFF1434F0C}.Debug|Any CPU.ActiveCfg = Debug|Any CPU
		{7108444D-8126-48AB-A88C-FCFFF1434F0C}.Debug|Any CPU.Build.0 = Debug|Any CPU
		{7108444D-8126-48AB-A88C-FCFFF1434F0C}.Release|Any CPU.ActiveCfg = Release|Any CPU
		{7108444D-8126-48AB-A88C-FCFFF1434F0C}.Release|Any CPU.Build.0 = Release|Any CPU
	EndGlobalSection
	GlobalSection(SolutionProperties) = preSolution
		HideSolutionNode = FALSE
	EndGlobalSection
	GlobalSection(ExtensibilityGlobals) = postSolution
		SolutionGuid = {B97C14B9-1C04-419C-B955-B7C3F5FC1C92}
	EndGlobalSection
EndGlobal
